
Microsoft Visual Studio Solution File, Format Version 12.00
# Visual Studio Version 16
VisualStudioVersion = 16.0.28803.352
MinimumVisualStudioVersion = 10.0.40219.1
Project("{FAE04EC0-301F-11D3-BF4B-00C04F79EFBC}") = "ApiRest", "ApiRest\ApiRest.csproj", "{C3E3314D-2C0D-4257-B656-527E46501A43}"
EndProject
Global
	GlobalSection(SolutionConfigurationPlatforms) = preSolution
		Debug|Any CPU = Debug|Any CPU
		Release|Any CPU = Release|Any CPU
	EndGlobalSection
	GlobalSection(ProjectConfigurationPlatforms) = postSolution
		{C3E3314D-2C0D-4257-B656-527E46501A43}.Debug|Any CPU.ActiveCfg = Debug|Any CPU
		{C3E3314D-2C0D-4257-B656-527E46501A43}.Debug|Any CPU.Build.0 = Debug|Any CPU
		{C3E3314D-2C0D-4257-B656-527E46501A43}.Release|Any CPU.ActiveCfg = Release|Any CPU
		{C3E3314D-2C0D-4257-B656-527E46501A43}.Release|Any CPU.Build.0 = Release|Any CPU
	EndGlobalSection
	GlobalSection(SolutionProperties) = preSolution
		HideSolutionNode = FALSE
	EndGlobalSection
	GlobalSection(ExtensibilityGlobals) = postSolution
		SolutionGuid = {85F4F1F1-9366-4355-B945-D0B483E4E3AB}
	EndGlobalSection
EndGlobal
